// !$*UTF8*$!
{
	archiveVersion = 1;
	classes = {
	};
	objectVersion = 56;
	objects = {

/* Begin PBXBuildFile section */
		0CA25BFB2BA57ECB00A09FDD /* Pago_Contacts_AppApp.swift in Sources */ = {isa = PBXBuildFile; fileRef = 0CA25BFA2BA57ECB00A09FDD /* Pago_Contacts_AppApp.swift */; };
		0CA25BFD2BA57ECB00A09FDD /* UsersView.swift in Sources */ = {isa = PBXBuildFile; fileRef = 0CA25BFC2BA57ECB00A09FDD /* UsersView.swift */; };
		0CA25BFF2BA57ECB00A09FDD /* User.swift in Sources */ = {isa = PBXBuildFile; fileRef = 0CA25BFE2BA57ECB00A09FDD /* User.swift */; };
		0CA25C012BA57ECD00A09FDD /* Assets.xcassets in Resources */ = {isa = PBXBuildFile; fileRef = 0CA25C002BA57ECD00A09FDD /* Assets.xcassets */; };
		0CA25C042BA57ECD00A09FDD /* Preview Assets.xcassets in Resources */ = {isa = PBXBuildFile; fileRef = 0CA25C032BA57ECD00A09FDD /* Preview Assets.xcassets */; };
		0CA25C0E2BA57ECD00A09FDD /* Pago_Contacts_AppTests.swift in Sources */ = {isa = PBXBuildFile; fileRef = 0CA25C0D2BA57ECD00A09FDD /* Pago_Contacts_AppTests.swift */; };
		0CA25C182BA57ECD00A09FDD /* Pago_Contacts_AppUITests.swift in Sources */ = {isa = PBXBuildFile; fileRef = 0CA25C172BA57ECD00A09FDD /* Pago_Contacts_AppUITests.swift */; };
		0CA25C1A2BA57ECD00A09FDD /* Pago_Contacts_AppUITestsLaunchTests.swift in Sources */ = {isa = PBXBuildFile; fileRef = 0CA25C192BA57ECD00A09FDD /* Pago_Contacts_AppUITestsLaunchTests.swift */; };
		0CA25C5F2BA58D8800A09FDD /* UserDetailsView.swift in Sources */ = {isa = PBXBuildFile; fileRef = 0CA25C5E2BA58D8800A09FDD /* UserDetailsView.swift */; };
		0CA25CE42BA8446000A09FDD /* Bindable+Extension.swift in Sources */ = {isa = PBXBuildFile; fileRef = 0CA25CE32BA8446000A09FDD /* Bindable+Extension.swift */; };
		0CA25CE62BA8466600A09FDD /* AddNewUserView.swift in Sources */ = {isa = PBXBuildFile; fileRef = 0CA25CE52BA8466600A09FDD /* AddNewUserView.swift */; };
/* End PBXBuildFile section */

/* Begin PBXContainerItemProxy section */
		0CA25C0A2BA57ECD00A09FDD /* PBXContainerItemProxy */ = {
			isa = PBXContainerItemProxy;
			containerPortal = 0CA25BEF2BA57ECB00A09FDD /* Project object */;
			proxyType = 1;
			remoteGlobalIDString = 0CA25BF62BA57ECB00A09FDD;
			remoteInfo = "Pago Contacts App";
		};
		0CA25C142BA57ECD00A09FDD /* PBXContainerItemProxy */ = {
			isa = PBXContainerItemProxy;
			containerPortal = 0CA25BEF2BA57ECB00A09FDD /* Project object */;
			proxyType = 1;
			remoteGlobalIDString = 0CA25BF62BA57ECB00A09FDD;
			remoteInfo = "Pago Contacts App";
		};
/* End PBXContainerItemProxy section */

/* Begin PBXFileReference section */
		0CA25BF72BA57ECB00A09FDD /* Pago Contacts App.app */ = {isa = PBXFileReference; explicitFileType = wrapper.application; includeInIndex = 0; path = "Pago Contacts App.app"; sourceTree = BUILT_PRODUCTS_DIR; };
		0CA25BFA2BA57ECB00A09FDD /* Pago_Contacts_AppApp.swift */ = {isa = PBXFileReference; lastKnownFileType = sourcecode.swift; path = Pago_Contacts_AppApp.swift; sourceTree = "<group>"; };
		0CA25BFC2BA57ECB00A09FDD /* UsersView.swift */ = {isa = PBXFileReference; lastKnownFileType = sourcecode.swift; path = UsersView.swift; sourceTree = "<group>"; };
		0CA25BFE2BA57ECB00A09FDD /* User.swift */ = {isa = PBXFileReference; lastKnownFileType = sourcecode.swift; path = User.swift; sourceTree = "<group>"; };
		0CA25C002BA57ECD00A09FDD /* Assets.xcassets */ = {isa = PBXFileReference; lastKnownFileType = folder.assetcatalog; path = Assets.xcassets; sourceTree = "<group>"; };
		0CA25C032BA57ECD00A09FDD /* Preview Assets.xcassets */ = {isa = PBXFileReference; lastKnownFileType = folder.assetcatalog; path = "Preview Assets.xcassets"; sourceTree = "<group>"; };
		0CA25C092BA57ECD00A09FDD /* Pago Contacts AppTests.xctest */ = {isa = PBXFileReference; explicitFileType = wrapper.cfbundle; includeInIndex = 0; path = "Pago Contacts AppTests.xctest"; sourceTree = BUILT_PRODUCTS_DIR; };
		0CA25C0D2BA57ECD00A09FDD /* Pago_Contacts_AppTests.swift */ = {isa = PBXFileReference; lastKnownFileType = sourcecode.swift; path = Pago_Contacts_AppTests.swift; sourceTree = "<group>"; };
		0CA25C132BA57ECD00A09FDD /* Pago Contacts AppUITests.xctest */ = {isa = PBXFileReference; explicitFileType = wrapper.cfbundle; includeInIndex = 0; path = "Pago Contacts AppUITests.xctest"; sourceTree = BUILT_PRODUCTS_DIR; };
		0CA25C172BA57ECD00A09FDD /* Pago_Contacts_AppUITests.swift */ = {isa = PBXFileReference; lastKnownFileType = sourcecode.swift; path = Pago_Contacts_AppUITests.swift; sourceTree = "<group>"; };
		0CA25C192BA57ECD00A09FDD /* Pago_Contacts_AppUITestsLaunchTests.swift */ = {isa = PBXFileReference; lastKnownFileType = sourcecode.swift; path = Pago_Contacts_AppUITestsLaunchTests.swift; sourceTree = "<group>"; };
		0CA25C5E2BA58D8800A09FDD /* UserDetailsView.swift */ = {isa = PBXFileReference; lastKnownFileType = sourcecode.swift; path = UserDetailsView.swift; sourceTree = "<group>"; };
		0CA25CE32BA8446000A09FDD /* Bindable+Extension.swift */ = {isa = PBXFileReference; lastKnownFileType = sourcecode.swift; path = "Bindable+Extension.swift"; sourceTree = "<group>"; };
		0CA25CE52BA8466600A09FDD /* AddNewUserView.swift */ = {isa = PBXFileReference; lastKnownFileType = sourcecode.swift; path = AddNewUserView.swift; sourceTree = "<group>"; };
/* End PBXFileReference section */

/* Begin PBXFrameworksBuildPhase section */
		0CA25BF42BA57ECB00A09FDD /* Frameworks */ = {
			isa = PBXFrameworksBuildPhase;
			buildActionMask = 2147483647;
			files = (
			);
			runOnlyForDeploymentPostprocessing = 0;
		};
		0CA25C062BA57ECD00A09FDD /* Frameworks */ = {
			isa = PBXFrameworksBuildPhase;
			buildActionMask = 2147483647;
			files = (
			);
			runOnlyForDeploymentPostprocessing = 0;
		};
		0CA25C102BA57ECD00A09FDD /* Frameworks */ = {
			isa = PBXFrameworksBuildPhase;
			buildActionMask = 2147483647;
			files = (
			);
			runOnlyForDeploymentPostprocessing = 0;
		};
/* End PBXFrameworksBuildPhase section */

/* Begin PBXGroup section */
		0CA25BEE2BA57ECB00A09FDD = {
			isa = PBXGroup;
			children = (
				0CA25BF92BA57ECB00A09FDD /* Pago Contacts App */,
				0CA25C0C2BA57ECD00A09FDD /* Pago Contacts AppTests */,
				0CA25C162BA57ECD00A09FDD /* Pago Contacts AppUITests */,
				0CA25BF82BA57ECB00A09FDD /* Products */,
			);
			sourceTree = "<group>";
		};
		0CA25BF82BA57ECB00A09FDD /* Products */ = {
			isa = PBXGroup;
			children = (
				0CA25BF72BA57ECB00A09FDD /* Pago Contacts App.app */,
				0CA25C092BA57ECD00A09FDD /* Pago Contacts AppTests.xctest */,
				0CA25C132BA57ECD00A09FDD /* Pago Contacts AppUITests.xctest */,
			);
			name = Products;
			sourceTree = "<group>";
		};
		0CA25BF92BA57ECB00A09FDD /* Pago Contacts App */ = {
			isa = PBXGroup;
			children = (
				0CA25BFA2BA57ECB00A09FDD /* Pago_Contacts_AppApp.swift */,
				0CA25BFC2BA57ECB00A09FDD /* UsersView.swift */,
				0CA25C5E2BA58D8800A09FDD /* UserDetailsView.swift */,
				0CA25BFE2BA57ECB00A09FDD /* User.swift */,
				0CA25C002BA57ECD00A09FDD /* Assets.xcassets */,
				0CA25C022BA57ECD00A09FDD /* Preview Content */,
				0CA25CE32BA8446000A09FDD /* Bindable+Extension.swift */,
				0CA25CE52BA8466600A09FDD /* AddNewUserView.swift */,
			);
			path = "Pago Contacts App";
			sourceTree = "<group>";
		};
		0CA25C022BA57ECD00A09FDD /* Preview Content */ = {
			isa = PBXGroup;
			children = (
				0CA25C032BA57ECD00A09FDD /* Preview Assets.xcassets */,
			);
			path = "Preview Content";
			sourceTree = "<group>";
		};
		0CA25C0C2BA57ECD00A09FDD /* Pago Contacts AppTests */ = {
			isa = PBXGroup;
			children = (
				0CA25C0D2BA57ECD00A09FDD /* Pago_Contacts_AppTests.swift */,
			);
			path = "Pago Contacts AppTests";
			sourceTree = "<group>";
		};
		0CA25C162BA57ECD00A09FDD /* Pago Contacts AppUITests */ = {
			isa = PBXGroup;
			children = (
				0CA25C172BA57ECD00A09FDD /* Pago_Contacts_AppUITests.swift */,
				0CA25C192BA57ECD00A09FDD /* Pago_Contacts_AppUITestsLaunchTests.swift */,
			);
			path = "Pago Contacts AppUITests";
			sourceTree = "<group>";
		};
/* End PBXGroup section */

/* Begin PBXNativeTarget section */
		0CA25BF62BA57ECB00A09FDD /* Pago Contacts App */ = {
			isa = PBXNativeTarget;
			buildConfigurationList = 0CA25C1D2BA57ECD00A09FDD /* Build configuration list for PBXNativeTarget "Pago Contacts App" */;
			buildPhases = (
				0CA25BF32BA57ECB00A09FDD /* Sources */,
				0CA25BF42BA57ECB00A09FDD /* Frameworks */,
				0CA25BF52BA57ECB00A09FDD /* Resources */,
			);
			buildRules = (
			);
			dependencies = (
			);
			name = "Pago Contacts App";
			productName = "Pago Contacts App";
			productReference = 0CA25BF72BA57ECB00A09FDD /* Pago Contacts App.app */;
			productType = "com.apple.product-type.application";
		};
		0CA25C082BA57ECD00A09FDD /* Pago Contacts AppTests */ = {
			isa = PBXNativeTarget;
			buildConfigurationList = 0CA25C202BA57ECD00A09FDD /* Build configuration list for PBXNativeTarget "Pago Contacts AppTests" */;
			buildPhases = (
				0CA25C052BA57ECD00A09FDD /* Sources */,
				0CA25C062BA57ECD00A09FDD /* Frameworks */,
				0CA25C072BA57ECD00A09FDD /* Resources */,
			);
			buildRules = (
			);
			dependencies = (
				0CA25C0B2BA57ECD00A09FDD /* PBXTargetDependency */,
			);
			name = "Pago Contacts AppTests";
			productName = "Pago Contacts AppTests";
			productReference = 0CA25C092BA57ECD00A09FDD /* Pago Contacts AppTests.xctest */;
			productType = "com.apple.product-type.bundle.unit-test";
		};
		0CA25C122BA57ECD00A09FDD /* Pago Contacts AppUITests */ = {
			isa = PBXNativeTarget;
			buildConfigurationList = 0CA25C232BA57ECD00A09FDD /* Build configuration list for PBXNativeTarget "Pago Contacts AppUITests" */;
			buildPhases = (
				0CA25C0F2BA57ECD00A09FDD /* Sources */,
				0CA25C102BA57ECD00A09FDD /* Frameworks */,
				0CA25C112BA57ECD00A09FDD /* Resources */,
			);
			buildRules = (
			);
			dependencies = (
				0CA25C152BA57ECD00A09FDD /* PBXTargetDependency */,
			);
			name = "Pago Contacts AppUITests";
			productName = "Pago Contacts AppUITests";
			productReference = 0CA25C132BA57ECD00A09FDD /* Pago Contacts AppUITests.xctest */;
			productType = "com.apple.product-type.bundle.ui-testing";
		};
/* End PBXNativeTarget section */

/* Begin PBXProject section */
		0CA25BEF2BA57ECB00A09FDD /* Project object */ = {
			isa = PBXProject;
			attributes = {
				BuildIndependentTargetsInParallel = 1;
				LastSwiftUpdateCheck = 1520;
				LastUpgradeCheck = 1520;
				TargetAttributes = {
					0CA25BF62BA57ECB00A09FDD = {
						CreatedOnToolsVersion = 15.2;
					};
					0CA25C082BA57ECD00A09FDD = {
						CreatedOnToolsVersion = 15.2;
						TestTargetID = 0CA25BF62BA57ECB00A09FDD;
					};
					0CA25C122BA57ECD00A09FDD = {
						CreatedOnToolsVersion = 15.2;
						TestTargetID = 0CA25BF62BA57ECB00A09FDD;
					};
				};
			};
			buildConfigurationList = 0CA25BF22BA57ECB00A09FDD /* Build configuration list for PBXProject "Pago Contacts App" */;
			compatibilityVersion = "Xcode 14.0";
			developmentRegion = en;
			hasScannedForEncodings = 0;
			knownRegions = (
				en,
				Base,
			);
			mainGroup = 0CA25BEE2BA57ECB00A09FDD;
			productRefGroup = 0CA25BF82BA57ECB00A09FDD /* Products */;
			projectDirPath = "";
			projectRoot = "";
			targets = (
				0CA25BF62BA57ECB00A09FDD /* Pago Contacts App */,
				0CA25C082BA57ECD00A09FDD /* Pago Contacts AppTests */,
				0CA25C122BA57ECD00A09FDD /* Pago Contacts AppUITests */,
			);
		};
/* End PBXProject section */

/* Begin PBXResourcesBuildPhase section */
		0CA25BF52BA57ECB00A09FDD /* Resources */ = {
			isa = PBXResourcesBuildPhase;
			buildActionMask = 2147483647;
			files = (
				0CA25C042BA57ECD00A09FDD /* Preview Assets.xcassets in Resources */,
				0CA25C012BA57ECD00A09FDD /* Assets.xcassets in Resources */,
			);
			runOnlyForDeploymentPostprocessing = 0;
		};
		0CA25C072BA57ECD00A09FDD /* Resources */ = {
			isa = PBXResourcesBuildPhase;
			buildActionMask = 2147483647;
			files = (
			);
			runOnlyForDeploymentPostprocessing = 0;
		};
		0CA25C112BA57ECD00A09FDD /* Resources */ = {
			isa = PBXResourcesBuildPhase;
			buildActionMask = 2147483647;
			files = (
			);
			runOnlyForDeploymentPostprocessing = 0;
		};
/* End PBXResourcesBuildPhase section */

/* Begin PBXSourcesBuildPhase section */
		0CA25BF32BA57ECB00A09FDD /* Sources */ = {
			isa = PBXSourcesBuildPhase;
			buildActionMask = 2147483647;
			files = (
				0CA25C5F2BA58D8800A09FDD /* UserDetailsView.swift in Sources */,
				0CA25BFD2BA57ECB00A09FDD /* UsersView.swift in Sources */,
				0CA25BFF2BA57ECB00A09FDD /* User.swift in Sources */,
				0CA25CE42BA8446000A09FDD /* Bindable+Extension.swift in Sources */,
				0CA25CE62BA8466600A09FDD /* AddNewUserView.swift in Sources */,
				0CA25BFB2BA57ECB00A09FDD /* Pago_Contacts_AppApp.swift in Sources */,
			);
			runOnlyForDeploymentPostprocessing = 0;
		};
		0CA25C052BA57ECD00A09FDD /* Sources */ = {
			isa = PBXSourcesBuildPhase;
			buildActionMask = 2147483647;
			files = (
				0CA25C0E2BA57ECD00A09FDD /* Pago_Contacts_AppTests.swift in Sources */,
			);
			runOnlyForDeploymentPostprocessing = 0;
		};
		0CA25C0F2BA57ECD00A09FDD /* Sources */ = {
			isa = PBXSourcesBuildPhase;
			buildActionMask = 2147483647;
			files = (
				0CA25C1A2BA57ECD00A09FDD /* Pago_Contacts_AppUITestsLaunchTests.swift in Sources */,
				0CA25C182BA57ECD00A09FDD /* Pago_Contacts_AppUITests.swift in Sources */,
			);
			runOnlyForDeploymentPostprocessing = 0;
		};
/* End PBXSourcesBuildPhase section */

/* Begin PBXTargetDependency section */
		0CA25C0B2BA57ECD00A09FDD /* PBXTargetDependency */ = {
			isa = PBXTargetDependency;
			target = 0CA25BF62BA57ECB00A09FDD /* Pago Contacts App */;
			targetProxy = 0CA25C0A2BA57ECD00A09FDD /* PBXContainerItemProxy */;
		};
		0CA25C152BA57ECD00A09FDD /* PBXTargetDependency */ = {
			isa = PBXTargetDependency;
			target = 0CA25BF62BA57ECB00A09FDD /* Pago Contacts App */;
			targetProxy = 0CA25C142BA57ECD00A09FDD /* PBXContainerItemProxy */;
		};
/* End PBXTargetDependency section */

/* Begin XCBuildConfiguration section */
		0CA25C1B2BA57ECD00A09FDD /* Debug */ = {
			isa = XCBuildConfiguration;
			buildSettings = {
				ALWAYS_SEARCH_USER_PATHS = NO;
				ASSETCATALOG_COMPILER_GENERATE_SWIFT_ASSET_SYMBOL_EXTENSIONS = YES;
				CLANG_ANALYZER_NONNULL = YES;
				CLANG_ANALYZER_NUMBER_OBJECT_CONVERSION = YES_AGGRESSIVE;
				CLANG_CXX_LANGUAGE_STANDARD = "gnu++20";
				CLANG_ENABLE_MODULES = YES;
				CLANG_ENABLE_OBJC_ARC = YES;
				CLANG_ENABLE_OBJC_WEAK = YES;
				CLANG_WARN_BLOCK_CAPTURE_AUTORELEASING = YES;
				CLANG_WARN_BOOL_CONVERSION = YES;
				CLANG_WARN_COMMA = YES;
				CLANG_WARN_CONSTANT_CONVERSION = YES;
				CLANG_WARN_DEPRECATED_OBJC_IMPLEMENTATIONS = YES;
				CLANG_WARN_DIRECT_OBJC_ISA_USAGE = YES_ERROR;
				CLANG_WARN_DOCUMENTATION_COMMENTS = YES;
				CLANG_WARN_EMPTY_BODY = YES;
				CLANG_WARN_ENUM_CONVERSION = YES;
				CLANG_WARN_INFINITE_RECURSION = YES;
				CLANG_WARN_INT_CONVERSION = YES;
				CLANG_WARN_NON_LITERAL_NULL_CONVERSION = YES;
				CLANG_WARN_OBJC_IMPLICIT_RETAIN_SELF = YES;
				CLANG_WARN_OBJC_LITERAL_CONVERSION = YES;
				CLANG_WARN_OBJC_ROOT_CLASS = YES_ERROR;
				CLANG_WARN_QUOTED_INCLUDE_IN_FRAMEWORK_HEADER = YES;
				CLANG_WARN_RANGE_LOOP_ANALYSIS = YES;
				CLANG_WARN_STRICT_PROTOTYPES = YES;
				CLANG_WARN_SUSPICIOUS_MOVE = YES;
				CLANG_WARN_UNGUARDED_AVAILABILITY = YES_AGGRESSIVE;
				CLANG_WARN_UNREACHABLE_CODE = YES;
				CLANG_WARN__DUPLICATE_METHOD_MATCH = YES;
				COPY_PHASE_STRIP = NO;
				DEBUG_INFORMATION_FORMAT = dwarf;
				ENABLE_STRICT_OBJC_MSGSEND = YES;
				ENABLE_TESTABILITY = YES;
				ENABLE_USER_SCRIPT_SANDBOXING = YES;
				GCC_C_LANGUAGE_STANDARD = gnu17;
				GCC_DYNAMIC_NO_PIC = NO;
				GCC_NO_COMMON_BLOCKS = YES;
				GCC_OPTIMIZATION_LEVEL = 0;
				GCC_PREPROCESSOR_DEFINITIONS = (
					"DEBUG=1",
					"$(inherited)",
				);
				GCC_WARN_64_TO_32_BIT_CONVERSION = YES;
				GCC_WARN_ABOUT_RETURN_TYPE = YES_ERROR;
				GCC_WARN_UNDECLARED_SELECTOR = YES;
				GCC_WARN_UNINITIALIZED_AUTOS = YES_AGGRESSIVE;
				GCC_WARN_UNUSED_FUNCTION = YES;
				GCC_WARN_UNUSED_VARIABLE = YES;
				IPHONEOS_DEPLOYMENT_TARGET = 17.2;
				LOCALIZATION_PREFERS_STRING_CATALOGS = YES;
				MTL_ENABLE_DEBUG_INFO = INCLUDE_SOURCE;
				MTL_FAST_MATH = YES;
				ONLY_ACTIVE_ARCH = YES;
				SDKROOT = iphoneos;
				SWIFT_ACTIVE_COMPILATION_CONDITIONS = "DEBUG $(inherited)";
				SWIFT_OPTIMIZATION_LEVEL = "-Onone";
			};
			name = Debug;
		};
		0CA25C1C2BA57ECD00A09FDD /* Release */ = {
			isa = XCBuildConfiguration;
			buildSettings = {
				ALWAYS_SEARCH_USER_PATHS = NO;
				ASSETCATALOG_COMPILER_GENERATE_SWIFT_ASSET_SYMBOL_EXTENSIONS = YES;
				CLANG_ANALYZER_NONNULL = YES;
				CLANG_ANALYZER_NUMBER_OBJECT_CONVERSION = YES_AGGRESSIVE;
				CLANG_CXX_LANGUAGE_STANDARD = "gnu++20";
				CLANG_ENABLE_MODULES = YES;
				CLANG_ENABLE_OBJC_ARC = YES;
				CLANG_ENABLE_OBJC_WEAK = YES;
				CLANG_WARN_BLOCK_CAPTURE_AUTORELEASING = YES;
				CLANG_WARN_BOOL_CONVERSION = YES;
				CLANG_WARN_COMMA = YES;
				CLANG_WARN_CONSTANT_CONVERSION = YES;
				CLANG_WARN_DEPRECATED_OBJC_IMPLEMENTATIONS = YES;
				CLANG_WARN_DIRECT_OBJC_ISA_USAGE = YES_ERROR;
				CLANG_WARN_DOCUMENTATION_COMMENTS = YES;
				CLANG_WARN_EMPTY_BODY = YES;
				CLANG_WARN_ENUM_CONVERSION = YES;
				CLANG_WARN_INFINITE_RECURSION = YES;
				CLANG_WARN_INT_CONVERSION = YES;
				CLANG_WARN_NON_LITERAL_NULL_CONVERSION = YES;
				CLANG_WARN_OBJC_IMPLICIT_RETAIN_SELF = YES;
				CLANG_WARN_OBJC_LITERAL_CONVERSION = YES;
				CLANG_WARN_OBJC_ROOT_CLASS = YES_ERROR;
				CLANG_WARN_QUOTED_INCLUDE_IN_FRAMEWORK_HEADER = YES;
				CLANG_WARN_RANGE_LOOP_ANALYSIS = YES;
				CLANG_WARN_STRICT_PROTOTYPES = YES;
				CLANG_WARN_SUSPICIOUS_MOVE = YES;
				CLANG_WARN_UNGUARDED_AVAILABILITY = YES_AGGRESSIVE;
				CLANG_WARN_UNREACHABLE_CODE = YES;
				CLANG_WARN__DUPLICATE_METHOD_MATCH = YES;
				COPY_PHASE_STRIP = NO;
				DEBUG_INFORMATION_FORMAT = "dwarf-with-dsym";
				ENABLE_NS_ASSERTIONS = NO;
				ENABLE_STRICT_OBJC_MSGSEND = YES;
				ENABLE_USER_SCRIPT_SANDBOXING = YES;
				GCC_C_LANGUAGE_STANDARD = gnu17;
				GCC_NO_COMMON_BLOCKS = YES;
				GCC_WARN_64_TO_32_BIT_CONVERSION = YES;
				GCC_WARN_ABOUT_RETURN_TYPE = YES_ERROR;
				GCC_WARN_UNDECLARED_SELECTOR = YES;
				GCC_WARN_UNINITIALIZED_AUTOS = YES_AGGRESSIVE;
				GCC_WARN_UNUSED_FUNCTION = YES;
				GCC_WARN_UNUSED_VARIABLE = YES;
				IPHONEOS_DEPLOYMENT_TARGET = 17.2;
				LOCALIZATION_PREFERS_STRING_CATALOGS = YES;
				MTL_ENABLE_DEBUG_INFO = NO;
				MTL_FAST_MATH = YES;
				SDKROOT = iphoneos;
				SWIFT_COMPILATION_MODE = wholemodule;
				VALIDATE_PRODUCT = YES;
			};
			name = Release;
		};
		0CA25C1E2BA57ECD00A09FDD /* Debug */ = {
			isa = XCBuildConfiguration;
			buildSettings = {
				ASSETCATALOG_COMPILER_APPICON_NAME = AppIcon;
				ASSETCATALOG_COMPILER_GLOBAL_ACCENT_COLOR_NAME = AccentColor;
				CODE_SIGN_STYLE = Automatic;
				CURRENT_PROJECT_VERSION = 1;
				DEVELOPMENT_ASSET_PATHS = "\"Pago Contacts App/Preview Content\"";
				DEVELOPMENT_TEAM = B6W985PHBM;
				ENABLE_PREVIEWS = YES;
				GENERATE_INFOPLIST_FILE = YES;
				INFOPLIST_KEY_UIApplicationSceneManifest_Generation = YES;
				INFOPLIST_KEY_UIApplicationSupportsIndirectInputEvents = YES;
				INFOPLIST_KEY_UILaunchScreen_Generation = YES;
				INFOPLIST_KEY_UISupportedInterfaceOrientations_iPad = "UIInterfaceOrientationPortrait UIInterfaceOrientationPortraitUpsideDown UIInterfaceOrientationLandscapeLeft UIInterfaceOrientationLandscapeRight";
				INFOPLIST_KEY_UISupportedInterfaceOrientations_iPhone = "UIInterfaceOrientationPortrait UIInterfaceOrientationLandscapeLeft UIInterfaceOrientationLandscapeRight";
				LD_RUNPATH_SEARCH_PATHS = (
					"$(inherited)",
					"@executable_path/Frameworks",
				);
				MARKETING_VERSION = 1.0;
				PRODUCT_BUNDLE_IDENTIFIER = "com.archlime.Pago-Contacts-App";
				PRODUCT_NAME = "$(TARGET_NAME)";
				SWIFT_EMIT_LOC_STRINGS = YES;
				SWIFT_VERSION = 5.0;
				TARGETED_DEVICE_FAMILY = "1,2";
			};
			name = Debug;
		};
		0CA25C1F2BA57ECD00A09FDD /* Release */ = {
			isa = XCBuildConfiguration;
			buildSettings = {
				ASSETCATALOG_COMPILER_APPICON_NAME = AppIcon;
				ASSETCATALOG_COMPILER_GLOBAL_ACCENT_COLOR_NAME = AccentColor;
				CODE_SIGN_STYLE = Automatic;
				CURRENT_PROJECT_VERSION = 1;
				DEVELOPMENT_ASSET_PATHS = "\"Pago Contacts App/Preview Content\"";
				DEVELOPMENT_TEAM = B6W985PHBM;
				ENABLE_PREVIEWS = YES;
				GENERATE_INFOPLIST_FILE = YES;
				INFOPLIST_KEY_UIApplicationSceneManifest_Generation = YES;
				INFOPLIST_KEY_UIApplicationSupportsIndirectInputEvents = YES;
				INFOPLIST_KEY_UILaunchScreen_Generation = YES;
				INFOPLIST_KEY_UISupportedInterfaceOrientations_iPad = "UIInterfaceOrientationPortrait UIInterfaceOrientationPortraitUpsideDown UIInterfaceOrientationLandscapeLeft UIInterfaceOrientationLandscapeRight";
				INFOPLIST_KEY_UISupportedInterfaceOrientations_iPhone = "UIInterfaceOrientationPortrait UIInterfaceOrientationLandscapeLeft UIInterfaceOrientationLandscapeRight";
				LD_RUNPATH_SEARCH_PATHS = (
					"$(inherited)",
					"@executable_path/Frameworks",
				);
				MARKETING_VERSION = 1.0;
				PRODUCT_BUNDLE_IDENTIFIER = "com.archlime.Pago-Contacts-App";
				PRODUCT_NAME = "$(TARGET_NAME)";
				SWIFT_EMIT_LOC_STRINGS = YES;
				SWIFT_VERSION = 5.0;
				TARGETED_DEVICE_FAMILY = "1,2";
			};
			name = Release;
		};
		0CA25C212BA57ECD00A09FDD /* Debug */ = {
			isa = XCBuildConfiguration;
			buildSettings = {
				ALWAYS_EMBED_SWIFT_STANDARD_LIBRARIES = YES;
				BUNDLE_LOADER = "$(TEST_HOST)";
				CODE_SIGN_STYLE = Automatic;
				CURRENT_PROJECT_VERSION = 1;
				DEVELOPMENT_TEAM = B6W985PHBM;
				GENERATE_INFOPLIST_FILE = YES;
				IPHONEOS_DEPLOYMENT_TARGET = 17.2;
				MARKETING_VERSION = 1.0;
				PRODUCT_BUNDLE_IDENTIFIER = "com.archlime.Pago-Contacts-AppTests";
				PRODUCT_NAME = "$(TARGET_NAME)";
				SWIFT_EMIT_LOC_STRINGS = NO;
				SWIFT_VERSION = 5.0;
				TARGETED_DEVICE_FAMILY = "1,2";
				TEST_HOST = "$(BUILT_PRODUCTS_DIR)/Pago Contacts App.app/$(BUNDLE_EXECUTABLE_FOLDER_PATH)/Pago Contacts App";
			};
			name = Debug;
		};
		0CA25C222BA57ECD00A09FDD /* Release */ = {
			isa = XCBuildConfiguration;
			buildSettings = {
				ALWAYS_EMBED_SWIFT_STANDARD_LIBRARIES = YES;
				BUNDLE_LOADER = "$(TEST_HOST)";
				CODE_SIGN_STYLE = Automatic;
				CURRENT_PROJECT_VERSION = 1;
				DEVELOPMENT_TEAM = B6W985PHBM;
				GENERATE_INFOPLIST_FILE = YES;
				IPHONEOS_DEPLOYMENT_TARGET = 17.2;
				MARKETING_VERSION = 1.0;
				PRODUCT_BUNDLE_IDENTIFIER = "com.archlime.Pago-Contacts-AppTests";
				PRODUCT_NAME = "$(TARGET_NAME)";
				SWIFT_EMIT_LOC_STRINGS = NO;
				SWIFT_VERSION = 5.0;
				TARGETED_DEVICE_FAMILY = "1,2";
				TEST_HOST = "$(BUILT_PRODUCTS_DIR)/Pago Contacts App.app/$(BUNDLE_EXECUTABLE_FOLDER_PATH)/Pago Contacts App";
			};
			name = Release;
		};
		0CA25C242BA57ECD00A09FDD /* Debug */ = {
			isa = XCBuildConfiguration;
			buildSettings = {
				ALWAYS_EMBED_SWIFT_STANDARD_LIBRARIES = YES;
				CODE_SIGN_STYLE = Automatic;
				CURRENT_PROJECT_VERSION = 1;
				DEVELOPMENT_TEAM = B6W985PHBM;
				GENERATE_INFOPLIST_FILE = YES;
				MARKETING_VERSION = 1.0;
				PRODUCT_BUNDLE_IDENTIFIER = "com.archlime.Pago-Contacts-AppUITests";
				PRODUCT_NAME = "$(TARGET_NAME)";
				SWIFT_EMIT_LOC_STRINGS = NO;
				SWIFT_VERSION = 5.0;
				TARGETED_DEVICE_FAMILY = "1,2";
				TEST_TARGET_NAME = "Pago Contacts App";
			};
			name = Debug;
		};
		0CA25C252BA57ECD00A09FDD /* Release */ = {
			isa = XCBuildConfiguration;
			buildSettings = {
				ALWAYS_EMBED_SWIFT_STANDARD_LIBRARIES = YES;
				CODE_SIGN_STYLE = Automatic;
				CURRENT_PROJECT_VERSION = 1;
				DEVELOPMENT_TEAM = B6W985PHBM;
				GENERATE_INFOPLIST_FILE = YES;
				MARKETING_VERSION = 1.0;
				PRODUCT_BUNDLE_IDENTIFIER = "com.archlime.Pago-Contacts-AppUITests";
				PRODUCT_NAME = "$(TARGET_NAME)";
				SWIFT_EMIT_LOC_STRINGS = NO;
				SWIFT_VERSION = 5.0;
				TARGETED_DEVICE_FAMILY = "1,2";
				TEST_TARGET_NAME = "Pago Contacts App";
			};
			name = Release;
		};
/* End XCBuildConfiguration section */

/* Begin XCConfigurationList section */
		0CA25BF22BA57ECB00A09FDD /* Build configuration list for PBXProject "Pago Contacts App" */ = {
			isa = XCConfigurationList;
			buildConfigurations = (
				0CA25C1B2BA57ECD00A09FDD /* Debug */,
				0CA25C1C2BA57ECD00A09FDD /* Release */,
			);
			defaultConfigurationIsVisible = 0;
			defaultConfigurationName = Release;
		};
		0CA25C1D2BA57ECD00A09FDD /* Build configuration list for PBXNativeTarget "Pago Contacts App" */ = {
			isa = XCConfigurationList;
			buildConfigurations = (
				0CA25C1E2BA57ECD00A09FDD /* Debug */,
				0CA25C1F2BA57ECD00A09FDD /* Release */,
			);
			defaultConfigurationIsVisible = 0;
			defaultConfigurationName = Release;
		};
		0CA25C202BA57ECD00A09FDD /* Build configuration list for PBXNativeTarget "Pago Contacts AppTests" */ = {
			isa = XCConfigurationList;
			buildConfigurations = (
				0CA25C212BA57ECD00A09FDD /* Debug */,
				0CA25C222BA57ECD00A09FDD /* Release */,
			);
			defaultConfigurationIsVisible = 0;
			defaultConfigurationName = Release;
		};
		0CA25C232BA57ECD00A09FDD /* Build configuration list for PBXNativeTarget "Pago Contacts AppUITests" */ = {
			isa = XCConfigurationList;
			buildConfigurations = (
				0CA25C242BA57ECD00A09FDD /* Debug */,
				0CA25C252BA57ECD00A09FDD /* Release */,
			);
			defaultConfigurationIsVisible = 0;
			defaultConfigurationName = Release;
		};
/* End XCConfigurationList section */
	};
	rootObject = 0CA25BEF2BA57ECB00A09FDD /* Project object */;
}
